PODS:
  - Kingfisher (5.1.0)
  - ReachabilitySwift (4.3.0)

DEPENDENCIES:
  - Kingfisher (= 5.1.0)
  - ReachabilitySwift (= 4.3.0)

SPEC REPOS:
  https://github.com/cocoapods/specs.git:
    - Kingfisher
    - ReachabilitySwift

SPEC CHECKSUMS:
  Kingfisher: fcec238063d17404fca89bf0a850583211c4cbf6
  ReachabilitySwift: 408477d1b6ed9779dba301953171e017c31241f3

PODFILE CHECKSUM: 88c562657fffae9818a221371ff4ef12087a936a

COCOAPODS: 1.5.3
