// !$*UTF8*$!
{
	archiveVersion = 1;
	classes = {
	};
	objectVersion = 50;
	objects = {

/* Begin PBXBuildFile section */
		07CF62CB55AE743E7AF48D2B /* Pods_video_playerTests.framework in Frameworks */ = {isa = PBXBuildFile; fileRef = D66DA077571630C203C8CAC9 /* Pods_video_playerTests.framework */; };
		508F582BB2CC27DB185CFEF0 /* Pods_video_player_dev.framework in Frameworks */ = {isa = PBXBuildFile; fileRef = A72D524B607280D83F8C8306 /* Pods_video_player_dev.framework */; };
		E73D77D97202E9ED38FD0531 /* Pods_video_player.framework in Frameworks */ = {isa = PBXBuildFile; fileRef = EE3B11207F17CD112B9301AA /* Pods_video_player.framework */; };
		F2397B2821FC1A8F00BA3C82 /* Keys.swift in Sources */ = {isa = PBXBuildFile; fileRef = F2397B2721FC1A8F00BA3C82 /* Keys.swift */; };
		F2397B2921FC1A8F00BA3C82 /* Keys.swift in Sources */ = {isa = PBXBuildFile; fileRef = F2397B2721FC1A8F00BA3C82 /* Keys.swift */; };
		F2397B2B21FC1B3200BA3C82 /* Video.swift in Sources */ = {isa = PBXBuildFile; fileRef = F2397B2A21FC1B3200BA3C82 /* Video.swift */; };
		F2397B2C21FC1B3200BA3C82 /* Video.swift in Sources */ = {isa = PBXBuildFile; fileRef = F2397B2A21FC1B3200BA3C82 /* Video.swift */; };
		F2397B2E21FC1D3600BA3C82 /* fetchPlaylistCompletion.swift in Sources */ = {isa = PBXBuildFile; fileRef = F2397B2D21FC1D3600BA3C82 /* fetchPlaylistCompletion.swift */; };
		F2397B2F21FC1D3600BA3C82 /* fetchPlaylistCompletion.swift in Sources */ = {isa = PBXBuildFile; fileRef = F2397B2D21FC1D3600BA3C82 /* fetchPlaylistCompletion.swift */; };
		F2397B3221FC245F00BA3C82 /* Utils.swift in Sources */ = {isa = PBXBuildFile; fileRef = F2397B3121FC245F00BA3C82 /* Utils.swift */; };
		F2397B3321FC245F00BA3C82 /* Utils.swift in Sources */ = {isa = PBXBuildFile; fileRef = F2397B3121FC245F00BA3C82 /* Utils.swift */; };
		F29C166421FC05F6002D9ED7 /* MainViewController.swift in Sources */ = {isa = PBXBuildFile; fileRef = F2A977B421FC00BE00CEEA60 /* MainViewController.swift */; };
		F29C166521FC05F6002D9ED7 /* AppDelegate.swift in Sources */ = {isa = PBXBuildFile; fileRef = F2A977B221FC00BE00CEEA60 /* AppDelegate.swift */; };
		F29C166621FC05F6002D9ED7 /* Config.swift in Sources */ = {isa = PBXBuildFile; fileRef = F2A977DB21FC04C700CEEA60 /* Config.swift */; };
		F29C166821FC05F6002D9ED7 /* Pods_video_player.framework in Frameworks */ = {isa = PBXBuildFile; fileRef = EE3B11207F17CD112B9301AA /* Pods_video_player.framework */; };
		F29C166A21FC05F6002D9ED7 /* LaunchScreen.storyboard in Resources */ = {isa = PBXBuildFile; fileRef = F2A977BB21FC00BF00CEEA60 /* LaunchScreen.storyboard */; };
		F29C166B21FC05F6002D9ED7 /* Assets.xcassets in Resources */ = {isa = PBXBuildFile; fileRef = F2A977B921FC00BF00CEEA60 /* Assets.xcassets */; };
		F29C166C21FC05F6002D9ED7 /* README.md in Resources */ = {isa = PBXBuildFile; fileRef = F2A977D221FC030200CEEA60 /* README.md */; };
		F29C166D21FC05F6002D9ED7 /* Main.storyboard in Resources */ = {isa = PBXBuildFile; fileRef = F2A977B621FC00BE00CEEA60 /* Main.storyboard */; };
		F29C167721FC0ED3002D9ED7 /* fetchPlaylist.swift in Sources */ = {isa = PBXBuildFile; fileRef = F29C167621FC0ED3002D9ED7 /* fetchPlaylist.swift */; };
		F29C167821FC0ED3002D9ED7 /* fetchPlaylist.swift in Sources */ = {isa = PBXBuildFile; fileRef = F29C167621FC0ED3002D9ED7 /* fetchPlaylist.swift */; };
		F29C167A21FC0F45002D9ED7 /* Services.swift in Sources */ = {isa = PBXBuildFile; fileRef = F29C167921FC0F45002D9ED7 /* Services.swift */; };
		F29C167B21FC0F45002D9ED7 /* Services.swift in Sources */ = {isa = PBXBuildFile; fileRef = F29C167921FC0F45002D9ED7 /* Services.swift */; };
		F29C168021FC10CA002D9ED7 /* KeysTemp.swift in Sources */ = {isa = PBXBuildFile; fileRef = F29C167F21FC10CA002D9ED7 /* KeysTemp.swift */; };
		F29C168121FC10CA002D9ED7 /* KeysTemp.swift in Sources */ = {isa = PBXBuildFile; fileRef = F29C167F21FC10CA002D9ED7 /* KeysTemp.swift */; };
		F2A977B321FC00BE00CEEA60 /* AppDelegate.swift in Sources */ = {isa = PBXBuildFile; fileRef = F2A977B221FC00BE00CEEA60 /* AppDelegate.swift */; };
		F2A977B521FC00BE00CEEA60 /* MainViewController.swift in Sources */ = {isa = PBXBuildFile; fileRef = F2A977B421FC00BE00CEEA60 /* MainViewController.swift */; };
		F2A977B821FC00BE00CEEA60 /* Main.storyboard in Resources */ = {isa = PBXBuildFile; fileRef = F2A977B621FC00BE00CEEA60 /* Main.storyboard */; };
		F2A977BA21FC00BF00CEEA60 /* Assets.xcassets in Resources */ = {isa = PBXBuildFile; fileRef = F2A977B921FC00BF00CEEA60 /* Assets.xcassets */; };
		F2A977BD21FC00BF00CEEA60 /* LaunchScreen.storyboard in Resources */ = {isa = PBXBuildFile; fileRef = F2A977BB21FC00BF00CEEA60 /* LaunchScreen.storyboard */; };
		F2A977C821FC00BF00CEEA60 /* video_playerTests.swift in Sources */ = {isa = PBXBuildFile; fileRef = F2A977C721FC00BF00CEEA60 /* video_playerTests.swift */; };
		F2A977D321FC030200CEEA60 /* README.md in Resources */ = {isa = PBXBuildFile; fileRef = F2A977D221FC030200CEEA60 /* README.md */; };
		F2A977DC21FC04C700CEEA60 /* Config.swift in Sources */ = {isa = PBXBuildFile; fileRef = F2A977DB21FC04C700CEEA60 /* Config.swift */; };
/* End PBXBuildFile section */

/* Begin PBXContainerItemProxy section */
		F2A977C421FC00BF00CEEA60 /* PBXContainerItemProxy */ = {
			isa = PBXContainerItemProxy;
			containerPortal = F2A977A721FC00BE00CEEA60 /* Project object */;
			proxyType = 1;
			remoteGlobalIDString = F2A977AE21FC00BE00CEEA60;
			remoteInfo = "video-player";
		};
/* End PBXContainerItemProxy section */

/* Begin PBXFileReference section */
		073BB45AC45304E9A40F0202 /* Pods-video-playerTests.release.xcconfig */ = {isa = PBXFileReference; includeInIndex = 1; lastKnownFileType = text.xcconfig; name = "Pods-video-playerTests.release.xcconfig"; path = "Pods/Target Support Files/Pods-video-playerTests/Pods-video-playerTests.release.xcconfig"; sourceTree = "<group>"; };
		187A92B31E854404E25C9121 /* Pods-video-player-dev.release.xcconfig */ = {isa = PBXFileReference; includeInIndex = 1; lastKnownFileType = text.xcconfig; name = "Pods-video-player-dev.release.xcconfig"; path = "Pods/Target Support Files/Pods-video-player-dev/Pods-video-player-dev.release.xcconfig"; sourceTree = "<group>"; };
		4AF86316C1C914B4758E3C99 /* Pods-video-player.release.xcconfig */ = {isa = PBXFileReference; includeInIndex = 1; lastKnownFileType = text.xcconfig; name = "Pods-video-player.release.xcconfig"; path = "Pods/Target Support Files/Pods-video-player/Pods-video-player.release.xcconfig"; sourceTree = "<group>"; };
		A72D524B607280D83F8C8306 /* Pods_video_player_dev.framework */ = {isa = PBXFileReference; explicitFileType = wrapper.framework; includeInIndex = 0; path = Pods_video_player_dev.framework; sourceTree = BUILT_PRODUCTS_DIR; };
		D66DA077571630C203C8CAC9 /* Pods_video_playerTests.framework */ = {isa = PBXFileReference; explicitFileType = wrapper.framework; includeInIndex = 0; path = Pods_video_playerTests.framework; sourceTree = BUILT_PRODUCTS_DIR; };
		E4598F6BE775BE6BE7618374 /* Pods-video-playerTests.debug.xcconfig */ = {isa = PBXFileReference; includeInIndex = 1; lastKnownFileType = text.xcconfig; name = "Pods-video-playerTests.debug.xcconfig"; path = "Pods/Target Support Files/Pods-video-playerTests/Pods-video-playerTests.debug.xcconfig"; sourceTree = "<group>"; };
		E92349B7DBA2E1C8128E3219 /* Pods-video-player-dev.debug.xcconfig */ = {isa = PBXFileReference; includeInIndex = 1; lastKnownFileType = text.xcconfig; name = "Pods-video-player-dev.debug.xcconfig"; path = "Pods/Target Support Files/Pods-video-player-dev/Pods-video-player-dev.debug.xcconfig"; sourceTree = "<group>"; };
		EE3B11207F17CD112B9301AA /* Pods_video_player.framework */ = {isa = PBXFileReference; explicitFileType = wrapper.framework; includeInIndex = 0; path = Pods_video_player.framework; sourceTree = BUILT_PRODUCTS_DIR; };
		F2397B2721FC1A8F00BA3C82 /* Keys.swift */ = {isa = PBXFileReference; lastKnownFileType = sourcecode.swift; name = Keys.swift; path = "/Users/trevorwood/Desktop/gitrepo/video-player/video-player/Keys.swift"; sourceTree = "<absolute>"; };
		F2397B2A21FC1B3200BA3C82 /* Video.swift */ = {isa = PBXFileReference; lastKnownFileType = sourcecode.swift; path = Video.swift; sourceTree = "<group>"; };
		F2397B2D21FC1D3600BA3C82 /* fetchPlaylistCompletion.swift */ = {isa = PBXFileReference; lastKnownFileType = sourcecode.swift; path = fetchPlaylistCompletion.swift; sourceTree = "<group>"; };
		F2397B3121FC245F00BA3C82 /* Utils.swift */ = {isa = PBXFileReference; lastKnownFileType = sourcecode.swift; path = Utils.swift; sourceTree = "<group>"; };
		F29C167121FC05F6002D9ED7 /* video-player-dev.app */ = {isa = PBXFileReference; explicitFileType = wrapper.application; includeInIndex = 0; path = "video-player-dev.app"; sourceTree = BUILT_PRODUCTS_DIR; };
		F29C167221FC05F6002D9ED7 /* video-player copy-Info.plist */ = {isa = PBXFileReference; lastKnownFileType = text.plist.xml; name = "video-player copy-Info.plist"; path = "/Users/trevorwood/Desktop/gitrepo/video-player/video-player copy-Info.plist"; sourceTree = "<absolute>"; };
		F29C167621FC0ED3002D9ED7 /* fetchPlaylist.swift */ = {isa = PBXFileReference; lastKnownFileType = sourcecode.swift; path = fetchPlaylist.swift; sourceTree = "<group>"; };
		F29C167921FC0F45002D9ED7 /* Services.swift */ = {isa = PBXFileReference; lastKnownFileType = sourcecode.swift; path = Services.swift; sourceTree = "<group>"; };
		F29C167F21FC10CA002D9ED7 /* KeysTemp.swift */ = {isa = PBXFileReference; lastKnownFileType = sourcecode.swift; path = KeysTemp.swift; sourceTree = "<group>"; };
		F2A977AF21FC00BE00CEEA60 /* video-player.app */ = {isa = PBXFileReference; explicitFileType = wrapper.application; includeInIndex = 0; path = "video-player.app"; sourceTree = BUILT_PRODUCTS_DIR; };
		F2A977B221FC00BE00CEEA60 /* AppDelegate.swift */ = {isa = PBXFileReference; lastKnownFileType = sourcecode.swift; path = AppDelegate.swift; sourceTree = "<group>"; };
		F2A977B421FC00BE00CEEA60 /* MainViewController.swift */ = {isa = PBXFileReference; lastKnownFileType = sourcecode.swift; path = MainViewController.swift; sourceTree = "<group>"; };
		F2A977B721FC00BE00CEEA60 /* Base */ = {isa = PBXFileReference; lastKnownFileType = file.storyboard; name = Base; path = Base.lproj/Main.storyboard; sourceTree = "<group>"; };
		F2A977B921FC00BF00CEEA60 /* Assets.xcassets */ = {isa = PBXFileReference; lastKnownFileType = folder.assetcatalog; path = Assets.xcassets; sourceTree = "<group>"; };
		F2A977BC21FC00BF00CEEA60 /* Base */ = {isa = PBXFileReference; lastKnownFileType = file.storyboard; name = Base; path = Base.lproj/LaunchScreen.storyboard; sourceTree = "<group>"; };
		F2A977BE21FC00BF00CEEA60 /* Info.plist */ = {isa = PBXFileReference; lastKnownFileType = text.plist.xml; path = Info.plist; sourceTree = "<group>"; };
		F2A977C321FC00BF00CEEA60 /* video-playerTests.xctest */ = {isa = PBXFileReference; explicitFileType = wrapper.cfbundle; includeInIndex = 0; path = "video-playerTests.xctest"; sourceTree = BUILT_PRODUCTS_DIR; };
		F2A977C721FC00BF00CEEA60 /* video_playerTests.swift */ = {isa = PBXFileReference; lastKnownFileType = sourcecode.swift; path = video_playerTests.swift; sourceTree = "<group>"; };
		F2A977C921FC00BF00CEEA60 /* Info.plist */ = {isa = PBXFileReference; lastKnownFileType = text.plist.xml; path = Info.plist; sourceTree = "<group>"; };
		F2A977D221FC030200CEEA60 /* README.md */ = {isa = PBXFileReference; fileEncoding = 4; lastKnownFileType = net.daringfireball.markdown; path = README.md; sourceTree = "<group>"; };
		F2A977DB21FC04C700CEEA60 /* Config.swift */ = {isa = PBXFileReference; lastKnownFileType = sourcecode.swift; path = Config.swift; sourceTree = "<group>"; };
		F531055C668E18B89CB9BC15 /* Pods-video-player.debug.xcconfig */ = {isa = PBXFileReference; includeInIndex = 1; lastKnownFileType = text.xcconfig; name = "Pods-video-player.debug.xcconfig"; path = "Pods/Target Support Files/Pods-video-player/Pods-video-player.debug.xcconfig"; sourceTree = "<group>"; };
/* End PBXFileReference section */

/* Begin PBXFrameworksBuildPhase section */
		F29C166721FC05F6002D9ED7 /* Frameworks */ = {
			isa = PBXFrameworksBuildPhase;
			buildActionMask = 2147483647;
			files = (
				F29C166821FC05F6002D9ED7 /* Pods_video_player.framework in Frameworks */,
				508F582BB2CC27DB185CFEF0 /* Pods_video_player_dev.framework in Frameworks */,
			);
			runOnlyForDeploymentPostprocessing = 0;
		};
		F2A977AC21FC00BE00CEEA60 /* Frameworks */ = {
			isa = PBXFrameworksBuildPhase;
			buildActionMask = 2147483647;
			files = (
				E73D77D97202E9ED38FD0531 /* Pods_video_player.framework in Frameworks */,
			);
			runOnlyForDeploymentPostprocessing = 0;
		};
		F2A977C021FC00BF00CEEA60 /* Frameworks */ = {
			isa = PBXFrameworksBuildPhase;
			buildActionMask = 2147483647;
			files = (
				07CF62CB55AE743E7AF48D2B /* Pods_video_playerTests.framework in Frameworks */,
			);
			runOnlyForDeploymentPostprocessing = 0;
		};
/* End PBXFrameworksBuildPhase section */

/* Begin PBXGroup section */
		2AC88CEBE5F011D309C4C498 /* Frameworks */ = {
			isa = PBXGroup;
			children = (
				EE3B11207F17CD112B9301AA /* Pods_video_player.framework */,
				D66DA077571630C203C8CAC9 /* Pods_video_playerTests.framework */,
				A72D524B607280D83F8C8306 /* Pods_video_player_dev.framework */,
			);
			name = Frameworks;
			sourceTree = "<group>";
		};
		4693168A88C8D1136EFE7B17 /* Pods */ = {
			isa = PBXGroup;
			children = (
				F531055C668E18B89CB9BC15 /* Pods-video-player.debug.xcconfig */,
				4AF86316C1C914B4758E3C99 /* Pods-video-player.release.xcconfig */,
				E4598F6BE775BE6BE7618374 /* Pods-video-playerTests.debug.xcconfig */,
				073BB45AC45304E9A40F0202 /* Pods-video-playerTests.release.xcconfig */,
				E92349B7DBA2E1C8128E3219 /* Pods-video-player-dev.debug.xcconfig */,
				187A92B31E854404E25C9121 /* Pods-video-player-dev.release.xcconfig */,
			);
			name = Pods;
			sourceTree = "<group>";
		};
		F2397B3021FC244B00BA3C82 /* Utils */ = {
			isa = PBXGroup;
			children = (
				F2397B3121FC245F00BA3C82 /* Utils.swift */,
			);
			path = Utils;
			sourceTree = "<group>";
		};
		F29C167321FC0C92002D9ED7 /* Cells */ = {
			isa = PBXGroup;
			children = (
			);
			path = Cells;
			sourceTree = "<group>";
		};
		F29C167421FC0C99002D9ED7 /* Cells */ = {
			isa = PBXGroup;
			children = (
			);
			path = Cells;
			sourceTree = "<group>";
		};
		F29C167521FC0CC3002D9ED7 /* Classes */ = {
			isa = PBXGroup;
			children = (
			);
			path = Classes;
			sourceTree = "<group>";
		};
		F2A977A621FC00BE00CEEA60 = {
			isa = PBXGroup;
			children = (
				F2A977B121FC00BE00CEEA60 /* video-player */,
				F2A977C621FC00BF00CEEA60 /* video-playerTests */,
				F2A977B021FC00BE00CEEA60 /* Products */,
				4693168A88C8D1136EFE7B17 /* Pods */,
				2AC88CEBE5F011D309C4C498 /* Frameworks */,
				F2A977D221FC030200CEEA60 /* README.md */,
				F29C167221FC05F6002D9ED7 /* video-player copy-Info.plist */,
			);
			sourceTree = "<group>";
		};
		F2A977B021FC00BE00CEEA60 /* Products */ = {
			isa = PBXGroup;
			children = (
				F2A977AF21FC00BE00CEEA60 /* video-player.app */,
				F2A977C321FC00BF00CEEA60 /* video-playerTests.xctest */,
				F29C167121FC05F6002D9ED7 /* video-player-dev.app */,
			);
			name = Products;
			sourceTree = "<group>";
		};
		F2A977B121FC00BE00CEEA60 /* video-player */ = {
			isa = PBXGroup;
			children = (
				F2A977D421FC036000CEEA60 /* CoreData */,
				F2A977D521FC036800CEEA60 /* Extension */,
				F2A977DA21FC045F00CEEA60 /* Helper */,
				F2A977D621FC037B00CEEA60 /* Model */,
				F2A977D721FC037F00CEEA60 /* Services */,
				F2A977D821FC038500CEEA60 /* View */,
				F2A977D921FC038A00CEEA60 /* Controller */,
				F2A977B221FC00BE00CEEA60 /* AppDelegate.swift */,
				F2A977DB21FC04C700CEEA60 /* Config.swift */,
				F29C167F21FC10CA002D9ED7 /* KeysTemp.swift */,
				F2397B2721FC1A8F00BA3C82 /* Keys.swift */,
				F2A977B921FC00BF00CEEA60 /* Assets.xcassets */,
				F2A977BE21FC00BF00CEEA60 /* Info.plist */,
			);
			path = "video-player";
			sourceTree = "<group>";
		};
		F2A977C621FC00BF00CEEA60 /* video-playerTests */ = {
			isa = PBXGroup;
			children = (
				F2A977C721FC00BF00CEEA60 /* video_playerTests.swift */,
				F2A977C921FC00BF00CEEA60 /* Info.plist */,
			);
			path = "video-playerTests";
			sourceTree = "<group>";
		};
		F2A977D421FC036000CEEA60 /* CoreData */ = {
			isa = PBXGroup;
			children = (
				F2397B3021FC244B00BA3C82 /* Utils */,
				F29C167521FC0CC3002D9ED7 /* Classes */,
			);
			path = CoreData;
			sourceTree = "<group>";
		};
		F2A977D521FC036800CEEA60 /* Extension */ = {
			isa = PBXGroup;
			children = (
			);
			path = Extension;
			sourceTree = "<group>";
		};
		F2A977D621FC037B00CEEA60 /* Model */ = {
			isa = PBXGroup;
			children = (
				F2397B2A21FC1B3200BA3C82 /* Video.swift */,
			);
			path = Model;
			sourceTree = "<group>";
		};
		F2A977D721FC037F00CEEA60 /* Services */ = {
			isa = PBXGroup;
			children = (
				F29C167921FC0F45002D9ED7 /* Services.swift */,
				F29C167621FC0ED3002D9ED7 /* fetchPlaylist.swift */,
				F2397B2D21FC1D3600BA3C82 /* fetchPlaylistCompletion.swift */,
			);
			path = Services;
			sourceTree = "<group>";
		};
		F2A977D821FC038500CEEA60 /* View */ = {
			isa = PBXGroup;
			children = (
				F29C167421FC0C99002D9ED7 /* Cells */,
				F2A977B621FC00BE00CEEA60 /* Main.storyboard */,
				F2A977BB21FC00BF00CEEA60 /* LaunchScreen.storyboard */,
			);
			path = View;
			sourceTree = "<group>";
		};
		F2A977D921FC038A00CEEA60 /* Controller */ = {
			isa = PBXGroup;
			children = (
				F29C167321FC0C92002D9ED7 /* Cells */,
				F2A977B421FC00BE00CEEA60 /* MainViewController.swift */,
			);
			path = Controller;
			sourceTree = "<group>";
		};
		F2A977DA21FC045F00CEEA60 /* Helper */ = {
			isa = PBXGroup;
			children = (
			);
			path = Helper;
			sourceTree = "<group>";
		};
/* End PBXGroup section */

/* Begin PBXNativeTarget section */
		F29C166121FC05F6002D9ED7 /* video-player-dev */ = {
			isa = PBXNativeTarget;
			buildConfigurationList = F29C166E21FC05F6002D9ED7 /* Build configuration list for PBXNativeTarget "video-player-dev" */;
			buildPhases = (
				F29C166221FC05F6002D9ED7 /* [CP] Check Pods Manifest.lock */,
				F29C166321FC05F6002D9ED7 /* Sources */,
				F29C166721FC05F6002D9ED7 /* Frameworks */,
				F29C166921FC05F6002D9ED7 /* Resources */,
			);
			buildRules = (
			);
			dependencies = (
			);
			name = "video-player-dev";
			productName = "video-player";
			productReference = F29C167121FC05F6002D9ED7 /* video-player-dev.app */;
			productType = "com.apple.product-type.application";
		};
		F2A977AE21FC00BE00CEEA60 /* video-player */ = {
			isa = PBXNativeTarget;
			buildConfigurationList = F2A977CC21FC00BF00CEEA60 /* Build configuration list for PBXNativeTarget "video-player" */;
			buildPhases = (
				F07FB855CE6844208AA0BA7C /* [CP] Check Pods Manifest.lock */,
				F2A977AB21FC00BE00CEEA60 /* Sources */,
				F2A977AC21FC00BE00CEEA60 /* Frameworks */,
				F2A977AD21FC00BE00CEEA60 /* Resources */,
				65474F1087F53B86A889C069 /* [CP] Embed Pods Frameworks */,
			);
			buildRules = (
			);
			dependencies = (
			);
			name = "video-player";
			productName = "video-player";
			productReference = F2A977AF21FC00BE00CEEA60 /* video-player.app */;
			productType = "com.apple.product-type.application";
		};
		F2A977C221FC00BF00CEEA60 /* video-playerTests */ = {
			isa = PBXNativeTarget;
			buildConfigurationList = F2A977CF21FC00BF00CEEA60 /* Build configuration list for PBXNativeTarget "video-playerTests" */;
			buildPhases = (
				B7B487CD3D19E9BA9907201A /* [CP] Check Pods Manifest.lock */,
				F2A977BF21FC00BF00CEEA60 /* Sources */,
				F2A977C021FC00BF00CEEA60 /* Frameworks */,
				F2A977C121FC00BF00CEEA60 /* Resources */,
			);
			buildRules = (
			);
			dependencies = (
				F2A977C521FC00BF00CEEA60 /* PBXTargetDependency */,
			);
			name = "video-playerTests";
			productName = "video-playerTests";
			productReference = F2A977C321FC00BF00CEEA60 /* video-playerTests.xctest */;
			productType = "com.apple.product-type.bundle.unit-test";
		};
/* End PBXNativeTarget section */

/* Begin PBXProject section */
		F2A977A721FC00BE00CEEA60 /* Project object */ = {
			isa = PBXProject;
			attributes = {
				LastSwiftUpdateCheck = 1010;
				LastUpgradeCheck = 1010;
				ORGANIZATIONNAME = "Trevor Wood";
				TargetAttributes = {
					F2A977AE21FC00BE00CEEA60 = {
						CreatedOnToolsVersion = 10.1;
					};
					F2A977C221FC00BF00CEEA60 = {
						CreatedOnToolsVersion = 10.1;
						TestTargetID = F2A977AE21FC00BE00CEEA60;
					};
				};
			};
			buildConfigurationList = F2A977AA21FC00BE00CEEA60 /* Build configuration list for PBXProject "video-player" */;
			compatibilityVersion = "Xcode 9.3";
			developmentRegion = en;
			hasScannedForEncodings = 0;
			knownRegions = (
				en,
				Base,
			);
			mainGroup = F2A977A621FC00BE00CEEA60;
			productRefGroup = F2A977B021FC00BE00CEEA60 /* Products */;
			projectDirPath = "";
			projectRoot = "";
			targets = (
				F2A977AE21FC00BE00CEEA60 /* video-player */,
				F29C166121FC05F6002D9ED7 /* video-player-dev */,
				F2A977C221FC00BF00CEEA60 /* video-playerTests */,
			);
		};
/* End PBXProject section */

/* Begin PBXResourcesBuildPhase section */
		F29C166921FC05F6002D9ED7 /* Resources */ = {
			isa = PBXResourcesBuildPhase;
			buildActionMask = 2147483647;
			files = (
				F29C166A21FC05F6002D9ED7 /* LaunchScreen.storyboard in Resources */,
				F29C166B21FC05F6002D9ED7 /* Assets.xcassets in Resources */,
				F29C166C21FC05F6002D9ED7 /* README.md in Resources */,
				F29C166D21FC05F6002D9ED7 /* Main.storyboard in Resources */,
			);
			runOnlyForDeploymentPostprocessing = 0;
		};
		F2A977AD21FC00BE00CEEA60 /* Resources */ = {
			isa = PBXResourcesBuildPhase;
			buildActionMask = 2147483647;
			files = (
				F2A977BD21FC00BF00CEEA60 /* LaunchScreen.storyboard in Resources */,
				F2A977BA21FC00BF00CEEA60 /* Assets.xcassets in Resources */,
				F2A977D321FC030200CEEA60 /* README.md in Resources */,
				F2A977B821FC00BE00CEEA60 /* Main.storyboard in Resources */,
			);
			runOnlyForDeploymentPostprocessing = 0;
		};
		F2A977C121FC00BF00CEEA60 /* Resources */ = {
			isa = PBXResourcesBuildPhase;
			buildActionMask = 2147483647;
			files = (
			);
			runOnlyForDeploymentPostprocessing = 0;
		};
/* End PBXResourcesBuildPhase section */

/* Begin PBXShellScriptBuildPhase section */
		65474F1087F53B86A889C069 /* [CP] Embed Pods Frameworks */ = {
			isa = PBXShellScriptBuildPhase;
			buildActionMask = 2147483647;
			files = (
			);
			inputFileListPaths = (
			);
			inputPaths = (
				"${SRCROOT}/Pods/Target Support Files/Pods-video-player/Pods-video-player-frameworks.sh",
				"${BUILT_PRODUCTS_DIR}/ReachabilitySwift/Reachability.framework",
			);
			name = "[CP] Embed Pods Frameworks";
			outputFileListPaths = (
			);
			outputPaths = (
				"${TARGET_BUILD_DIR}/${FRAMEWORKS_FOLDER_PATH}/Reachability.framework",
			);
			runOnlyForDeploymentPostprocessing = 0;
			shellPath = /bin/sh;
			shellScript = "\"${SRCROOT}/Pods/Target Support Files/Pods-video-player/Pods-video-player-frameworks.sh\"\n";
			showEnvVarsInLog = 0;
		};
		B7B487CD3D19E9BA9907201A /* [CP] Check Pods Manifest.lock */ = {
			isa = PBXShellScriptBuildPhase;
			buildActionMask = 2147483647;
			files = (
			);
			inputFileListPaths = (
			);
			inputPaths = (
				"${PODS_PODFILE_DIR_PATH}/Podfile.lock",
				"${PODS_ROOT}/Manifest.lock",
			);
			name = "[CP] Check Pods Manifest.lock";
			outputFileListPaths = (
			);
			outputPaths = (
				"$(DERIVED_FILE_DIR)/Pods-video-playerTests-checkManifestLockResult.txt",
			);
			runOnlyForDeploymentPostprocessing = 0;
			shellPath = /bin/sh;
			shellScript = "diff \"${PODS_PODFILE_DIR_PATH}/Podfile.lock\" \"${PODS_ROOT}/Manifest.lock\" > /dev/null\nif [ $? != 0 ] ; then\n    # print error to STDERR\n    echo \"error: The sandbox is not in sync with the Podfile.lock. Run 'pod install' or update your CocoaPods installation.\" >&2\n    exit 1\nfi\n# This output is used by Xcode 'outputs' to avoid re-running this script phase.\necho \"SUCCESS\" > \"${SCRIPT_OUTPUT_FILE_0}\"\n";
			showEnvVarsInLog = 0;
		};
		F07FB855CE6844208AA0BA7C /* [CP] Check Pods Manifest.lock */ = {
			isa = PBXShellScriptBuildPhase;
			buildActionMask = 2147483647;
			files = (
			);
			inputFileListPaths = (
			);
			inputPaths = (
				"${PODS_PODFILE_DIR_PATH}/Podfile.lock",
				"${PODS_ROOT}/Manifest.lock",
			);
			name = "[CP] Check Pods Manifest.lock";
			outputFileListPaths = (
			);
			outputPaths = (
				"$(DERIVED_FILE_DIR)/Pods-video-player-checkManifestLockResult.txt",
			);
			runOnlyForDeploymentPostprocessing = 0;
			shellPath = /bin/sh;
			shellScript = "diff \"${PODS_PODFILE_DIR_PATH}/Podfile.lock\" \"${PODS_ROOT}/Manifest.lock\" > /dev/null\nif [ $? != 0 ] ; then\n    # print error to STDERR\n    echo \"error: The sandbox is not in sync with the Podfile.lock. Run 'pod install' or update your CocoaPods installation.\" >&2\n    exit 1\nfi\n# This output is used by Xcode 'outputs' to avoid re-running this script phase.\necho \"SUCCESS\" > \"${SCRIPT_OUTPUT_FILE_0}\"\n";
			showEnvVarsInLog = 0;
		};
		F29C166221FC05F6002D9ED7 /* [CP] Check Pods Manifest.lock */ = {
			isa = PBXShellScriptBuildPhase;
			buildActionMask = 2147483647;
			files = (
			);
			inputFileListPaths = (
			);
			inputPaths = (
				"${PODS_PODFILE_DIR_PATH}/Podfile.lock",
				"${PODS_ROOT}/Manifest.lock",
			);
			name = "[CP] Check Pods Manifest.lock";
			outputFileListPaths = (
			);
			outputPaths = (
				"$(DERIVED_FILE_DIR)/Pods-video-player-dev-checkManifestLockResult.txt",
			);
			runOnlyForDeploymentPostprocessing = 0;
			shellPath = /bin/sh;
			shellScript = "diff \"${PODS_PODFILE_DIR_PATH}/Podfile.lock\" \"${PODS_ROOT}/Manifest.lock\" > /dev/null\nif [ $? != 0 ] ; then\n    # print error to STDERR\n    echo \"error: The sandbox is not in sync with the Podfile.lock. Run 'pod install' or update your CocoaPods installation.\" >&2\n    exit 1\nfi\n# This output is used by Xcode 'outputs' to avoid re-running this script phase.\necho \"SUCCESS\" > \"${SCRIPT_OUTPUT_FILE_0}\"\n";
			showEnvVarsInLog = 0;
		};
/* End PBXShellScriptBuildPhase section */

/* Begin PBXSourcesBuildPhase section */
		F29C166321FC05F6002D9ED7 /* Sources */ = {
			isa = PBXSourcesBuildPhase;
			buildActionMask = 2147483647;
			files = (
				F29C167B21FC0F45002D9ED7 /* Services.swift in Sources */,
				F29C166421FC05F6002D9ED7 /* MainViewController.swift in Sources */,
				F29C166521FC05F6002D9ED7 /* AppDelegate.swift in Sources */,
				F29C168121FC10CA002D9ED7 /* KeysTemp.swift in Sources */,
				F2397B2821FC1A8F00BA3C82 /* Keys.swift in Sources */,
				F2397B3321FC245F00BA3C82 /* Utils.swift in Sources */,
				F2397B2C21FC1B3200BA3C82 /* Video.swift in Sources */,
				F2397B2F21FC1D3600BA3C82 /* fetchPlaylistCompletion.swift in Sources */,
				F29C167821FC0ED3002D9ED7 /* fetchPlaylist.swift in Sources */,
				F29C166621FC05F6002D9ED7 /* Config.swift in Sources */,
			);
			runOnlyForDeploymentPostprocessing = 0;
		};
		F2A977AB21FC00BE00CEEA60 /* Sources */ = {
			isa = PBXSourcesBuildPhase;
			buildActionMask = 2147483647;
			files = (
				F29C167A21FC0F45002D9ED7 /* Services.swift in Sources */,
				F2A977B521FC00BE00CEEA60 /* MainViewController.swift in Sources */,
				F2A977B321FC00BE00CEEA60 /* AppDelegate.swift in Sources */,
				F29C168021FC10CA002D9ED7 /* KeysTemp.swift in Sources */,
				F2397B2921FC1A8F00BA3C82 /* Keys.swift in Sources */,
				F2397B3221FC245F00BA3C82 /* Utils.swift in Sources */,
				F2397B2B21FC1B3200BA3C82 /* Video.swift in Sources */,
				F2397B2E21FC1D3600BA3C82 /* fetchPlaylistCompletion.swift in Sources */,
				F29C167721FC0ED3002D9ED7 /* fetchPlaylist.swift in Sources */,
				F2A977DC21FC04C700CEEA60 /* Config.swift in Sources */,
			);
			runOnlyForDeploymentPostprocessing = 0;
		};
		F2A977BF21FC00BF00CEEA60 /* Sources */ = {
			isa = PBXSourcesBuildPhase;
			buildActionMask = 2147483647;
			files = (
				F2A977C821FC00BF00CEEA60 /* video_playerTests.swift in Sources */,
			);
			runOnlyForDeploymentPostprocessing = 0;
		};
/* End PBXSourcesBuildPhase section */

/* Begin PBXTargetDependency section */
		F2A977C521FC00BF00CEEA60 /* PBXTargetDependency */ = {
			isa = PBXTargetDependency;
			target = F2A977AE21FC00BE00CEEA60 /* video-player */;
			targetProxy = F2A977C421FC00BF00CEEA60 /* PBXContainerItemProxy */;
		};
/* End PBXTargetDependency section */

/* Begin PBXVariantGroup section */
		F2A977B621FC00BE00CEEA60 /* Main.storyboard */ = {
			isa = PBXVariantGroup;
			children = (
				F2A977B721FC00BE00CEEA60 /* Base */,
			);
			name = Main.storyboard;
			sourceTree = "<group>";
		};
		F2A977BB21FC00BF00CEEA60 /* LaunchScreen.storyboard */ = {
			isa = PBXVariantGroup;
			children = (
				F2A977BC21FC00BF00CEEA60 /* Base */,
			);
			name = LaunchScreen.storyboard;
			sourceTree = "<group>";
		};
/* End PBXVariantGroup section */

/* Begin XCBuildConfiguration section */
		F29C166F21FC05F6002D9ED7 /* Debug */ = {
			isa = XCBuildConfiguration;
			baseConfigurationReference = E92349B7DBA2E1C8128E3219 /* Pods-video-player-dev.debug.xcconfig */;
			buildSettings = {
				ASSETCATALOG_COMPILER_APPICON_NAME = AppIcon;
				CODE_SIGN_STYLE = Automatic;
				DEVELOPMENT_TEAM = HRCQWPTMH2;
				INFOPLIST_FILE = "video-player copy-Info.plist";
				IPHONEOS_DEPLOYMENT_TARGET = 10.0;
				LD_RUNPATH_SEARCH_PATHS = (
					"$(inherited)",
					"@executable_path/Frameworks",
				);
				PRODUCT_BUNDLE_IDENTIFIER = "com.original.video-player-dev";
				PRODUCT_NAME = "$(TARGET_NAME)";
				SWIFT_VERSION = 4.2;
				TARGETED_DEVICE_FAMILY = 1;
			};
			name = Debug;
		};
		F29C167021FC05F6002D9ED7 /* Release */ = {
			isa = XCBuildConfiguration;
			baseConfigurationReference = 187A92B31E854404E25C9121 /* Pods-video-player-dev.release.xcconfig */;
			buildSettings = {
				ASSETCATALOG_COMPILER_APPICON_NAME = AppIcon;
				CODE_SIGN_STYLE = Automatic;
				DEVELOPMENT_TEAM = HRCQWPTMH2;
				INFOPLIST_FILE = "video-player copy-Info.plist";
				IPHONEOS_DEPLOYMENT_TARGET = 10.0;
				LD_RUNPATH_SEARCH_PATHS = (
					"$(inherited)",
					"@executable_path/Frameworks",
				);
				PRODUCT_BUNDLE_IDENTIFIER = "com.original.video-player-dev";
				PRODUCT_NAME = "$(TARGET_NAME)";
				SWIFT_VERSION = 4.2;
				TARGETED_DEVICE_FAMILY = 1;
			};
			name = Release;
		};
		F2A977CA21FC00BF00CEEA60 /* Debug */ = {
			isa = XCBuildConfiguration;
			buildSettings = {
				ALWAYS_SEARCH_USER_PATHS = NO;
				CLANG_ANALYZER_NONNULL = YES;
				CLANG_ANALYZER_NUMBER_OBJECT_CONVERSION = YES_AGGRESSIVE;
				CLANG_CXX_LANGUAGE_STANDARD = "gnu++14";
				CLANG_CXX_LIBRARY = "libc++";
				CLANG_ENABLE_MODULES = YES;
				CLANG_ENABLE_OBJC_ARC = YES;
				CLANG_ENABLE_OBJC_WEAK = YES;
				CLANG_WARN_BLOCK_CAPTURE_AUTORELEASING = YES;
				CLANG_WARN_BOOL_CONVERSION = YES;
				CLANG_WARN_COMMA = YES;
				CLANG_WARN_CONSTANT_CONVERSION = YES;
				CLANG_WARN_DEPRECATED_OBJC_IMPLEMENTATIONS = YES;
				CLANG_WARN_DIRECT_OBJC_ISA_USAGE = YES_ERROR;
				CLANG_WARN_DOCUMENTATION_COMMENTS = YES;
				CLANG_WARN_EMPTY_BODY = YES;
				CLANG_WARN_ENUM_CONVERSION = YES;
				CLANG_WARN_INFINITE_RECURSION = YES;
				CLANG_WARN_INT_CONVERSION = YES;
				CLANG_WARN_NON_LITERAL_NULL_CONVERSION = YES;
				CLANG_WARN_OBJC_IMPLICIT_RETAIN_SELF = YES;
				CLANG_WARN_OBJC_LITERAL_CONVERSION = YES;
				CLANG_WARN_OBJC_ROOT_CLASS = YES_ERROR;
				CLANG_WARN_RANGE_LOOP_ANALYSIS = YES;
				CLANG_WARN_STRICT_PROTOTYPES = YES;
				CLANG_WARN_SUSPICIOUS_MOVE = YES;
				CLANG_WARN_UNGUARDED_AVAILABILITY = YES_AGGRESSIVE;
				CLANG_WARN_UNREACHABLE_CODE = YES;
				CLANG_WARN__DUPLICATE_METHOD_MATCH = YES;
				CODE_SIGN_IDENTITY = "iPhone Developer";
				COPY_PHASE_STRIP = NO;
				DEBUG_INFORMATION_FORMAT = dwarf;
				ENABLE_STRICT_OBJC_MSGSEND = YES;
				ENABLE_TESTABILITY = YES;
				GCC_C_LANGUAGE_STANDARD = gnu11;
				GCC_DYNAMIC_NO_PIC = NO;
				GCC_NO_COMMON_BLOCKS = YES;
				GCC_OPTIMIZATION_LEVEL = 0;
				GCC_PREPROCESSOR_DEFINITIONS = (
					"DEBUG=1",
					"$(inherited)",
				);
				GCC_WARN_64_TO_32_BIT_CONVERSION = YES;
				GCC_WARN_ABOUT_RETURN_TYPE = YES_ERROR;
				GCC_WARN_UNDECLARED_SELECTOR = YES;
				GCC_WARN_UNINITIALIZED_AUTOS = YES_AGGRESSIVE;
				GCC_WARN_UNUSED_FUNCTION = YES;
				GCC_WARN_UNUSED_VARIABLE = YES;
				IPHONEOS_DEPLOYMENT_TARGET = 12.1;
				MTL_ENABLE_DEBUG_INFO = INCLUDE_SOURCE;
				MTL_FAST_MATH = YES;
				ONLY_ACTIVE_ARCH = YES;
				SDKROOT = iphoneos;
				SWIFT_ACTIVE_COMPILATION_CONDITIONS = DEBUG;
				SWIFT_OPTIMIZATION_LEVEL = "-Onone";
			};
			name = Debug;
		};
		F2A977CB21FC00BF00CEEA60 /* Release */ = {
			isa = XCBuildConfiguration;
			buildSettings = {
				ALWAYS_SEARCH_USER_PATHS = NO;
				CLANG_ANALYZER_NONNULL = YES;
				CLANG_ANALYZER_NUMBER_OBJECT_CONVERSION = YES_AGGRESSIVE;
				CLANG_CXX_LANGUAGE_STANDARD = "gnu++14";
				CLANG_CXX_LIBRARY = "libc++";
				CLANG_ENABLE_MODULES = YES;
				CLANG_ENABLE_OBJC_ARC = YES;
				CLANG_ENABLE_OBJC_WEAK = YES;
				CLANG_WARN_BLOCK_CAPTURE_AUTORELEASING = YES;
				CLANG_WARN_BOOL_CONVERSION = YES;
				CLANG_WARN_COMMA = YES;
				CLANG_WARN_CONSTANT_CONVERSION = YES;
				CLANG_WARN_DEPRECATED_OBJC_IMPLEMENTATIONS = YES;
				CLANG_WARN_DIRECT_OBJC_ISA_USAGE = YES_ERROR;
				CLANG_WARN_DOCUMENTATION_COMMENTS = YES;
				CLANG_WARN_EMPTY_BODY = YES;
				CLANG_WARN_ENUM_CONVERSION = YES;
				CLANG_WARN_INFINITE_RECURSION = YES;
				CLANG_WARN_INT_CONVERSION = YES;
				CLANG_WARN_NON_LITERAL_NULL_CONVERSION = YES;
				CLANG_WARN_OBJC_IMPLICIT_RETAIN_SELF = YES;
				CLANG_WARN_OBJC_LITERAL_CONVERSION = YES;
				CLANG_WARN_OBJC_ROOT_CLASS = YES_ERROR;
				CLANG_WARN_RANGE_LOOP_ANALYSIS = YES;
				CLANG_WARN_STRICT_PROTOTYPES = YES;
				CLANG_WARN_SUSPICIOUS_MOVE = YES;
				CLANG_WARN_UNGUARDED_AVAILABILITY = YES_AGGRESSIVE;
				CLANG_WARN_UNREACHABLE_CODE = YES;
				CLANG_WARN__DUPLICATE_METHOD_MATCH = YES;
				CODE_SIGN_IDENTITY = "iPhone Developer";
				COPY_PHASE_STRIP = NO;
				DEBUG_INFORMATION_FORMAT = "dwarf-with-dsym";
				ENABLE_NS_ASSERTIONS = NO;
				ENABLE_STRICT_OBJC_MSGSEND = YES;
				GCC_C_LANGUAGE_STANDARD = gnu11;
				GCC_NO_COMMON_BLOCKS = YES;
				GCC_WARN_64_TO_32_BIT_CONVERSION = YES;
				GCC_WARN_ABOUT_RETURN_TYPE = YES_ERROR;
				GCC_WARN_UNDECLARED_SELECTOR = YES;
				GCC_WARN_UNINITIALIZED_AUTOS = YES_AGGRESSIVE;
				GCC_WARN_UNUSED_FUNCTION = YES;
				GCC_WARN_UNUSED_VARIABLE = YES;
				IPHONEOS_DEPLOYMENT_TARGET = 12.1;
				MTL_ENABLE_DEBUG_INFO = NO;
				MTL_FAST_MATH = YES;
				SDKROOT = iphoneos;
				SWIFT_COMPILATION_MODE = wholemodule;
				SWIFT_OPTIMIZATION_LEVEL = "-O";
				VALIDATE_PRODUCT = YES;
			};
			name = Release;
		};
		F2A977CD21FC00BF00CEEA60 /* Debug */ = {
			isa = XCBuildConfiguration;
			baseConfigurationReference = F531055C668E18B89CB9BC15 /* Pods-video-player.debug.xcconfig */;
			buildSettings = {
				ASSETCATALOG_COMPILER_APPICON_NAME = AppIcon;
				CODE_SIGN_STYLE = Automatic;
				DEVELOPMENT_TEAM = HRCQWPTMH2;
				INFOPLIST_FILE = "video-player/Info.plist";
				IPHONEOS_DEPLOYMENT_TARGET = 10.0;
				LD_RUNPATH_SEARCH_PATHS = (
					"$(inherited)",
					"@executable_path/Frameworks",
				);
				PRODUCT_BUNDLE_IDENTIFIER = "com.original.video-player";
				PRODUCT_NAME = "$(TARGET_NAME)";
				SWIFT_VERSION = 4.2;
				TARGETED_DEVICE_FAMILY = 1;
			};
			name = Debug;
		};
		F2A977CE21FC00BF00CEEA60 /* Release */ = {
			isa = XCBuildConfiguration;
			baseConfigurationReference = 4AF86316C1C914B4758E3C99 /* Pods-video-player.release.xcconfig */;
			buildSettings = {
				ASSETCATALOG_COMPILER_APPICON_NAME = AppIcon;
				CODE_SIGN_STYLE = Automatic;
				DEVELOPMENT_TEAM = HRCQWPTMH2;
				INFOPLIST_FILE = "video-player/Info.plist";
				IPHONEOS_DEPLOYMENT_TARGET = 10.0;
				LD_RUNPATH_SEARCH_PATHS = (
					"$(inherited)",
					"@executable_path/Frameworks",
				);
				PRODUCT_BUNDLE_IDENTIFIER = "com.original.video-player";
				PRODUCT_NAME = "$(TARGET_NAME)";
				SWIFT_VERSION = 4.2;
				TARGETED_DEVICE_FAMILY = 1;
			};
			name = Release;
		};
		F2A977D021FC00BF00CEEA60 /* Debug */ = {
			isa = XCBuildConfiguration;
			baseConfigurationReference = E4598F6BE775BE6BE7618374 /* Pods-video-playerTests.debug.xcconfig */;
			buildSettings = {
				ALWAYS_EMBED_SWIFT_STANDARD_LIBRARIES = YES;
				BUNDLE_LOADER = "$(TEST_HOST)";
				CODE_SIGN_STYLE = Automatic;
				DEVELOPMENT_TEAM = HRCQWPTMH2;
				INFOPLIST_FILE = "video-playerTests/Info.plist";
				LD_RUNPATH_SEARCH_PATHS = (
					"$(inherited)",
					"@executable_path/Frameworks",
					"@loader_path/Frameworks",
				);
				PRODUCT_BUNDLE_IDENTIFIER = "com.original.video-playerTests";
				PRODUCT_NAME = "$(TARGET_NAME)";
				SWIFT_VERSION = 4.2;
				TARGETED_DEVICE_FAMILY = "1,2";
				TEST_HOST = "$(BUILT_PRODUCTS_DIR)/video-player.app/video-player";
			};
			name = Debug;
		};
		F2A977D121FC00BF00CEEA60 /* Release */ = {
			isa = XCBuildConfiguration;
			baseConfigurationReference = 073BB45AC45304E9A40F0202 /* Pods-video-playerTests.release.xcconfig */;
			buildSettings = {
				ALWAYS_EMBED_SWIFT_STANDARD_LIBRARIES = YES;
				BUNDLE_LOADER = "$(TEST_HOST)";
				CODE_SIGN_STYLE = Automatic;
				DEVELOPMENT_TEAM = HRCQWPTMH2;
				INFOPLIST_FILE = "video-playerTests/Info.plist";
				LD_RUNPATH_SEARCH_PATHS = (
					"$(inherited)",
					"@executable_path/Frameworks",
					"@loader_path/Frameworks",
				);
				PRODUCT_BUNDLE_IDENTIFIER = "com.original.video-playerTests";
				PRODUCT_NAME = "$(TARGET_NAME)";
				SWIFT_VERSION = 4.2;
				TARGETED_DEVICE_FAMILY = "1,2";
				TEST_HOST = "$(BUILT_PRODUCTS_DIR)/video-player.app/video-player";
			};
			name = Release;
		};
/* End XCBuildConfiguration section */

/* Begin XCConfigurationList section */
		F29C166E21FC05F6002D9ED7 /* Build configuration list for PBXNativeTarget "video-player-dev" */ = {
			isa = XCConfigurationList;
			buildConfigurations = (
				F29C166F21FC05F6002D9ED7 /* Debug */,
				F29C167021FC05F6002D9ED7 /* Release */,
			);
			defaultConfigurationIsVisible = 0;
			defaultConfigurationName = Release;
		};
		F2A977AA21FC00BE00CEEA60 /* Build configuration list for PBXProject "video-player" */ = {
			isa = XCConfigurationList;
			buildConfigurations = (
				F2A977CA21FC00BF00CEEA60 /* Debug */,
				F2A977CB21FC00BF00CEEA60 /* Release */,
			);
			defaultConfigurationIsVisible = 0;
			defaultConfigurationName = Release;
		};
		F2A977CC21FC00BF00CEEA60 /* Build configuration list for PBXNativeTarget "video-player" */ = {
			isa = XCConfigurationList;
			buildConfigurations = (
				F2A977CD21FC00BF00CEEA60 /* Debug */,
				F2A977CE21FC00BF00CEEA60 /* Release */,
			);
			defaultConfigurationIsVisible = 0;
			defaultConfigurationName = Release;
		};
		F2A977CF21FC00BF00CEEA60 /* Build configuration list for PBXNativeTarget "video-playerTests" */ = {
			isa = XCConfigurationList;
			buildConfigurations = (
				F2A977D021FC00BF00CEEA60 /* Debug */,
				F2A977D121FC00BF00CEEA60 /* Release */,
			);
			defaultConfigurationIsVisible = 0;
			defaultConfigurationName = Release;
		};
/* End XCConfigurationList section */
	};
	rootObject = F2A977A721FC00BE00CEEA60 /* Project object */;
}
